
Microsoft Visual Studio Solution File, Format Version 12.00
# Visual Studio Version 17
VisualStudioVersion = 17.4.33122.133
MinimumVisualStudioVersion = 10.0.40219.1
Project("{FAE04EC0-301F-11D3-BF4B-00C04F79EFBC}") = "OpenAIGPT-3", "OpenAIGPT-3\OpenAIGPT-3.csproj", "{2875275E-CCBE-4974-987B-FC7326B089B7}"
EndProject
Global
	GlobalSection(SolutionConfigurationPlatforms) = preSolution
		Debug|Any CPU = Debug|Any CPU
		Release|Any CPU = Release|Any CPU
	EndGlobalSection
	GlobalSection(ProjectConfigurationPlatforms) = postSolution
		{2875275E-CCBE-4974-987B-FC7326B089B7}.Debug|Any CPU.ActiveCfg = Debug|Any CPU
		{2875275E-CCBE-4974-987B-FC7326B089B7}.Debug|Any CPU.Build.0 = Debug|Any CPU
		{2875275E-CCBE-4974-987B-FC7326B089B7}.Release|Any CPU.ActiveCfg = Release|Any CPU
		{2875275E-CCBE-4974-987B-FC7326B089B7}.Release|Any CPU.Build.0 = Release|Any CPU
	EndGlobalSection
	GlobalSection(SolutionProperties) = preSolution
		HideSolutionNode = FALSE
	EndGlobalSection
	GlobalSection(ExtensibilityGlobals) = postSolution
		SolutionGuid = {DE0CEF15-42A7-485B-8CE7-19F83559D704}
	EndGlobalSection
EndGlobal
